
Microsoft Visual Studio Solution File, Format Version 12.00
# Visual Studio 15
VisualStudioVersion = 15.0.27004.2002
MinimumVisualStudioVersion = 10.0.40219.1
Project("{FAE04EC0-301F-11D3-BF4B-00C04F79EFBC}") = "DatabaseSourceControlTest", "DatabaseSourceControlTest\DatabaseSourceControlTest.csproj", "{71BE99E0-449E-47BC-B896-407339FAD9F8}"
EndProject
Project("{00D1A9C2-B5F0-4AF3-8072-F6C62B433612}") = "TestDatabase", "TestDatabase\TestDatabase.sqlproj", "{33622375-D425-4E79-B072-E632556998EC}"
EndProject
Global
	GlobalSection(SolutionConfigurationPlatforms) = preSolution
		Debug|Any CPU = Debug|Any CPU
		Release|Any CPU = Release|Any CPU
	EndGlobalSection
	GlobalSection(ProjectConfigurationPlatforms) = postSolution
		{71BE99E0-449E-47BC-B896-407339FAD9F8}.Debug|Any CPU.ActiveCfg = Debug|Any CPU
		{71BE99E0-449E-47BC-B896-407339FAD9F8}.Debug|Any CPU.Build.0 = Debug|Any CPU
		{71BE99E0-449E-47BC-B896-407339FAD9F8}.Release|Any CPU.ActiveCfg = Release|Any CPU
		{71BE99E0-449E-47BC-B896-407339FAD9F8}.Release|Any CPU.Build.0 = Release|Any CPU
		{33622375-D425-4E79-B072-E632556998EC}.Debug|Any CPU.ActiveCfg = Debug|Any CPU
		{33622375-D425-4E79-B072-E632556998EC}.Debug|Any CPU.Build.0 = Debug|Any CPU
		{33622375-D425-4E79-B072-E632556998EC}.Debug|Any CPU.Deploy.0 = Debug|Any CPU
		{33622375-D425-4E79-B072-E632556998EC}.Release|Any CPU.ActiveCfg = Release|Any CPU
		{33622375-D425-4E79-B072-E632556998EC}.Release|Any CPU.Build.0 = Release|Any CPU
		{33622375-D425-4E79-B072-E632556998EC}.Release|Any CPU.Deploy.0 = Release|Any CPU
	EndGlobalSection
	GlobalSection(SolutionProperties) = preSolution
		HideSolutionNode = FALSE
	EndGlobalSection
	GlobalSection(ExtensibilityGlobals) = postSolution
		SolutionGuid = {18D128EA-1741-41B9-A0A1-6758147D9023}
	EndGlobalSection
EndGlobal
